
Microsoft Visual Studio Solution File, Format Version 12.00
# Visual Studio Version 17
VisualStudioVersion = 17.8.34309.116
MinimumVisualStudioVersion = 10.0.40219.1
Project("{FAE04EC0-301F-11D3-BF4B-00C04F79EFBC}") = "Web.Api", "Web.Api\Web.Api.csproj", "{8981CFE6-1ED3-4637-8DB2-A05F6F9DBAC5}"
EndProject
Global
	GlobalSection(SolutionConfigurationPlatforms) = preSolution
		Debug|Any CPU = Debug|Any CPU
		Release|Any CPU = Release|Any CPU
	EndGlobalSection
	GlobalSection(ProjectConfigurationPlatforms) = postSolution
		{8981CFE6-1ED3-4637-8DB2-A05F6F9DBAC5}.Debug|Any CPU.ActiveCfg = Debug|Any CPU
		{8981CFE6-1ED3-4637-8DB2-A05F6F9DBAC5}.Debug|Any CPU.Build.0 = Debug|Any CPU
		{8981CFE6-1ED3-4637-8DB2-A05F6F9DBAC5}.Release|Any CPU.ActiveCfg = Release|Any CPU
		{8981CFE6-1ED3-4637-8DB2-A05F6F9DBAC5}.Release|Any CPU.Build.0 = Release|Any CPU
	EndGlobalSection
	GlobalSection(SolutionProperties) = preSolution
		HideSolutionNode = FALSE
	EndGlobalSection
	GlobalSection(ExtensibilityGlobals) = postSolution
		SolutionGuid = {06E202A9-6AA1-4B79-9121-0D8195C270E0}
	EndGlobalSection
EndGlobal
